
Microsoft Visual Studio Solution File, Format Version 12.00
# Visual Studio Version 16
VisualStudioVersion = 16.0.28729.10
MinimumVisualStudioVersion = 10.0.40219.1
Project("{2150E333-8FDC-42A3-9474-1A3956D46DE8}") = "APIs", "APIs", "{5DA6DEBD-BFD2-4E49-BAD5-B7FBA64D4E5F}"
EndProject
Project("{2150E333-8FDC-42A3-9474-1A3956D46DE8}") = "Services", "Services", "{AD4B28E6-1083-4900-BC40-516C6CDADC2F}"
EndProject
Project("{2150E333-8FDC-42A3-9474-1A3956D46DE8}") = "Podcast", "Podcast", "{53F64DEF-086E-4509-B2CC-7C4CA41836A3}"
EndProject
Project("{9A19103F-16F7-4668-BE54-9A1E7A4F7556}") = "Vocalia.Podcast.Db", "src\apis\Podcast\Vocalia.Podcast.Db\Vocalia.Podcast.Db.csproj", "{B5BAA232-7C48-4038-A63A-B75A857C53B5}"
EndProject
Project("{9A19103F-16F7-4668-BE54-9A1E7A4F7556}") = "Vocalia.Podcast", "src\apis\Podcast\Vocalia.Podcast\Vocalia.Podcast.csproj", "{04DADE20-5F6E-4242-8E22-02CDBCD3ED78}"
EndProject
Project("{2150E333-8FDC-42A3-9474-1A3956D46DE8}") = "Editor", "Editor", "{15F20602-B799-4AB3-BAEB-2B1FF8ED4EC8}"
EndProject
Project("{2150E333-8FDC-42A3-9474-1A3956D46DE8}") = "Ingest", "Ingest", "{41CA2CB7-F1AA-4924-BF09-C4DE79A39EC9}"
EndProject
Project("{2150E333-8FDC-42A3-9474-1A3956D46DE8}") = "Publishing", "Publishing", "{BA1ABDA3-6236-4E5F-B689-3C561B677221}"
EndProject
Project("{2150E333-8FDC-42A3-9474-1A3956D46DE8}") = "Social", "Social", "{36865A5E-81E8-4DAB-9F98-A2E8E8F9CA76}"
EndProject
Project("{9A19103F-16F7-4668-BE54-9A1E7A4F7556}") = "Vocalia.Social", "src\apis\Social\Vocalia.Social\Vocalia.Social.csproj", "{B50E2C36-16B4-40A0-A49B-DD0D03359D6E}"
EndProject
Project("{9A19103F-16F7-4668-BE54-9A1E7A4F7556}") = "Vocalia.Publishing", "src\apis\Publishing\Vocalia.Publishing\Vocalia.Publishing.csproj", "{E2ED0C03-16D8-46DD-90E4-461B3B36096A}"
EndProject
Project("{9A19103F-16F7-4668-BE54-9A1E7A4F7556}") = "Vocalia.Ingest", "src\apis\Ingest\Vocalia.Ingest\Vocalia.Ingest.csproj", "{034D16DB-B20D-40ED-960E-92D375F5EFD2}"
EndProject
Project("{9A19103F-16F7-4668-BE54-9A1E7A4F7556}") = "Vocalia.Editor", "src\apis\Editor\Vocalia.Editor\Vocalia.Editor.csproj", "{6EAF08D7-0980-47AD-81B8-2BE92039BE78}"
EndProject
Project("{9A19103F-16F7-4668-BE54-9A1E7A4F7556}") = "Vocalia.Gateway", "src\services\Vocalia.Gateway\Vocalia.Gateway.csproj", "{FE2BDBB9-8142-43B5-9CA1-C5C3087091EA}"
EndProject
Project("{2150E333-8FDC-42A3-9474-1A3956D46DE8}") = "Facades", "Facades", "{DCA5964A-1CBF-46EB-969A-B6A4CD3A2A3F}"
EndProject
Project("{9A19103F-16F7-4668-BE54-9A1E7A4F7556}") = "Vocalia.Facades.GPodder", "src\apis\Podcast\Facades\Vocalia.Facades.GPodder\Vocalia.Facades.GPodder.csproj", "{C46CF24D-3663-45B7-809B-C5086C04C387}"
EndProject
Project("{9A19103F-16F7-4668-BE54-9A1E7A4F7556}") = "Vocalia.Facades.iTunes", "src\apis\Podcast\Facades\Vocalia.Facades.iTunes\Vocalia.Facades.iTunes.csproj", "{EC77AB86-83EA-4EAD-BC79-A4BA013A3BCB}"
EndProject
Project("{E53339B2-1760-4266-BCC7-CA923CBCF16C}") = "docker-compose", "docker-compose.dcproj", "{60CD4B7E-A63D-4C39-99B3-247BC5AF0CFF}"
EndProject
Project("{9A19103F-16F7-4668-BE54-9A1E7A4F7556}") = "Vocalia.Social.Db", "src\apis\Social\Vocalia.Social.Db\Vocalia.Social.Db.csproj", "{0711B44F-A7A3-4C88-B881-2A4EB91A4BD5}"
EndProject
Project("{9A19103F-16F7-4668-BE54-9A1E7A4F7556}") = "Vocalia.Ingest.Db", "src\apis\Ingest\Vocalia.Ingest.Db\Vocalia.Ingest.Db.csproj", "{3C9BC0D2-CC9D-49F4-A97A-E03DCA316646}"
EndProject
Project("{9A19103F-16F7-4668-BE54-9A1E7A4F7556}") = "Vocalia.UserFacade", "src\services\Vocalia.UserFacade\Vocalia.UserFacade.csproj", "{A3808A82-3CF6-4D42-BFD3-90C4018B4EE4}"
EndProject
Project("{9A19103F-16F7-4668-BE54-9A1E7A4F7556}") = "Vocalia.Editor.Db", "src\apis\Editor\Vocalia.Editor.Db\Vocalia.Editor.Db.csproj", "{3992AEFE-7DF0-41E7-A9F6-431B838C6875}"
EndProject
Project("{9A19103F-16F7-4668-BE54-9A1E7A4F7556}") = "Vocalia.Ingest.Streams", "src\apis\Ingest\Vocalia.Ingest.StreamBuilder\Vocalia.Ingest.Streams.csproj", "{3154296B-AA56-4D8A-A04B-4B83DA451503}"
EndProject
Project("{9A19103F-16F7-4668-BE54-9A1E7A4F7556}") = "Vocalia.ServiceBus.Types", "src\services\Vocalia.ServiceBus.Types\Vocalia.ServiceBus.Types.csproj", "{958BBC9C-3DFD-4AF8-AFD1-ED222B40A304}"
EndProject
Global
	GlobalSection(SolutionConfigurationPlatforms) = preSolution
		Debug|Any CPU = Debug|Any CPU
		Release|Any CPU = Release|Any CPU
	EndGlobalSection
	GlobalSection(ProjectConfigurationPlatforms) = postSolution
		{B5BAA232-7C48-4038-A63A-B75A857C53B5}.Debug|Any CPU.ActiveCfg = Debug|Any CPU
		{B5BAA232-7C48-4038-A63A-B75A857C53B5}.Debug|Any CPU.Build.0 = Debug|Any CPU
		{B5BAA232-7C48-4038-A63A-B75A857C53B5}.Release|Any CPU.ActiveCfg = Release|Any CPU
		{B5BAA232-7C48-4038-A63A-B75A857C53B5}.Release|Any CPU.Build.0 = Release|Any CPU
		{04DADE20-5F6E-4242-8E22-02CDBCD3ED78}.Debug|Any CPU.ActiveCfg = Debug|Any CPU
		{04DADE20-5F6E-4242-8E22-02CDBCD3ED78}.Debug|Any CPU.Build.0 = Debug|Any CPU
		{04DADE20-5F6E-4242-8E22-02CDBCD3ED78}.Release|Any CPU.ActiveCfg = Release|Any CPU
		{04DADE20-5F6E-4242-8E22-02CDBCD3ED78}.Release|Any CPU.Build.0 = Release|Any CPU
		{B50E2C36-16B4-40A0-A49B-DD0D03359D6E}.Debug|Any CPU.ActiveCfg = Debug|Any CPU
		{B50E2C36-16B4-40A0-A49B-DD0D03359D6E}.Debug|Any CPU.Build.0 = Debug|Any CPU
		{B50E2C36-16B4-40A0-A49B-DD0D03359D6E}.Release|Any CPU.ActiveCfg = Release|Any CPU
		{B50E2C36-16B4-40A0-A49B-DD0D03359D6E}.Release|Any CPU.Build.0 = Release|Any CPU
		{E2ED0C03-16D8-46DD-90E4-461B3B36096A}.Debug|Any CPU.ActiveCfg = Debug|Any CPU
		{E2ED0C03-16D8-46DD-90E4-461B3B36096A}.Debug|Any CPU.Build.0 = Debug|Any CPU
		{E2ED0C03-16D8-46DD-90E4-461B3B36096A}.Release|Any CPU.ActiveCfg = Release|Any CPU
		{E2ED0C03-16D8-46DD-90E4-461B3B36096A}.Release|Any CPU.Build.0 = Release|Any CPU
		{034D16DB-B20D-40ED-960E-92D375F5EFD2}.Debug|Any CPU.ActiveCfg = Debug|Any CPU
		{034D16DB-B20D-40ED-960E-92D375F5EFD2}.Debug|Any CPU.Build.0 = Debug|Any CPU
		{034D16DB-B20D-40ED-960E-92D375F5EFD2}.Release|Any CPU.ActiveCfg = Release|Any CPU
		{034D16DB-B20D-40ED-960E-92D375F5EFD2}.Release|Any CPU.Build.0 = Release|Any CPU
		{6EAF08D7-0980-47AD-81B8-2BE92039BE78}.Debug|Any CPU.ActiveCfg = Debug|Any CPU
		{6EAF08D7-0980-47AD-81B8-2BE92039BE78}.Debug|Any CPU.Build.0 = Debug|Any CPU
		{6EAF08D7-0980-47AD-81B8-2BE92039BE78}.Release|Any CPU.ActiveCfg = Release|Any CPU
		{6EAF08D7-0980-47AD-81B8-2BE92039BE78}.Release|Any CPU.Build.0 = Release|Any CPU
		{FE2BDBB9-8142-43B5-9CA1-C5C3087091EA}.Debug|Any CPU.ActiveCfg = Debug|Any CPU
		{FE2BDBB9-8142-43B5-9CA1-C5C3087091EA}.Debug|Any CPU.Build.0 = Debug|Any CPU
		{FE2BDBB9-8142-43B5-9CA1-C5C3087091EA}.Release|Any CPU.ActiveCfg = Release|Any CPU
		{FE2BDBB9-8142-43B5-9CA1-C5C3087091EA}.Release|Any CPU.Build.0 = Release|Any CPU
		{C46CF24D-3663-45B7-809B-C5086C04C387}.Debug|Any CPU.ActiveCfg = Debug|Any CPU
		{C46CF24D-3663-45B7-809B-C5086C04C387}.Debug|Any CPU.Build.0 = Debug|Any CPU
		{C46CF24D-3663-45B7-809B-C5086C04C387}.Release|Any CPU.ActiveCfg = Release|Any CPU
		{C46CF24D-3663-45B7-809B-C5086C04C387}.Release|Any CPU.Build.0 = Release|Any CPU
		{EC77AB86-83EA-4EAD-BC79-A4BA013A3BCB}.Debug|Any CPU.ActiveCfg = Debug|Any CPU
		{EC77AB86-83EA-4EAD-BC79-A4BA013A3BCB}.Debug|Any CPU.Build.0 = Debug|Any CPU
		{EC77AB86-83EA-4EAD-BC79-A4BA013A3BCB}.Release|Any CPU.ActiveCfg = Release|Any CPU
		{EC77AB86-83EA-4EAD-BC79-A4BA013A3BCB}.Release|Any CPU.Build.0 = Release|Any CPU
		{60CD4B7E-A63D-4C39-99B3-247BC5AF0CFF}.Debug|Any CPU.ActiveCfg = Debug|Any CPU
		{60CD4B7E-A63D-4C39-99B3-247BC5AF0CFF}.Debug|Any CPU.Build.0 = Debug|Any CPU
		{60CD4B7E-A63D-4C39-99B3-247BC5AF0CFF}.Release|Any CPU.ActiveCfg = Release|Any CPU
		{60CD4B7E-A63D-4C39-99B3-247BC5AF0CFF}.Release|Any CPU.Build.0 = Release|Any CPU
		{0711B44F-A7A3-4C88-B881-2A4EB91A4BD5}.Debug|Any CPU.ActiveCfg = Debug|Any CPU
		{0711B44F-A7A3-4C88-B881-2A4EB91A4BD5}.Debug|Any CPU.Build.0 = Debug|Any CPU
		{0711B44F-A7A3-4C88-B881-2A4EB91A4BD5}.Release|Any CPU.ActiveCfg = Release|Any CPU
		{0711B44F-A7A3-4C88-B881-2A4EB91A4BD5}.Release|Any CPU.Build.0 = Release|Any CPU
		{3C9BC0D2-CC9D-49F4-A97A-E03DCA316646}.Debug|Any CPU.ActiveCfg = Debug|Any CPU
		{3C9BC0D2-CC9D-49F4-A97A-E03DCA316646}.Debug|Any CPU.Build.0 = Debug|Any CPU
		{3C9BC0D2-CC9D-49F4-A97A-E03DCA316646}.Release|Any CPU.ActiveCfg = Release|Any CPU
		{3C9BC0D2-CC9D-49F4-A97A-E03DCA316646}.Release|Any CPU.Build.0 = Release|Any CPU
		{A3808A82-3CF6-4D42-BFD3-90C4018B4EE4}.Debug|Any CPU.ActiveCfg = Debug|Any CPU
		{A3808A82-3CF6-4D42-BFD3-90C4018B4EE4}.Debug|Any CPU.Build.0 = Debug|Any CPU
		{A3808A82-3CF6-4D42-BFD3-90C4018B4EE4}.Release|Any CPU.ActiveCfg = Release|Any CPU
		{A3808A82-3CF6-4D42-BFD3-90C4018B4EE4}.Release|Any CPU.Build.0 = Release|Any CPU
		{3992AEFE-7DF0-41E7-A9F6-431B838C6875}.Debug|Any CPU.ActiveCfg = Debug|Any CPU
		{3992AEFE-7DF0-41E7-A9F6-431B838C6875}.Debug|Any CPU.Build.0 = Debug|Any CPU
		{3992AEFE-7DF0-41E7-A9F6-431B838C6875}.Release|Any CPU.ActiveCfg = Release|Any CPU
		{3992AEFE-7DF0-41E7-A9F6-431B838C6875}.Release|Any CPU.Build.0 = Release|Any CPU
		{3154296B-AA56-4D8A-A04B-4B83DA451503}.Debug|Any CPU.ActiveCfg = Debug|Any CPU
		{3154296B-AA56-4D8A-A04B-4B83DA451503}.Debug|Any CPU.Build.0 = Debug|Any CPU
		{3154296B-AA56-4D8A-A04B-4B83DA451503}.Release|Any CPU.ActiveCfg = Release|Any CPU
		{3154296B-AA56-4D8A-A04B-4B83DA451503}.Release|Any CPU.Build.0 = Release|Any CPU
		{958BBC9C-3DFD-4AF8-AFD1-ED222B40A304}.Debug|Any CPU.ActiveCfg = Debug|Any CPU
		{958BBC9C-3DFD-4AF8-AFD1-ED222B40A304}.Debug|Any CPU.Build.0 = Debug|Any CPU
		{958BBC9C-3DFD-4AF8-AFD1-ED222B40A304}.Release|Any CPU.ActiveCfg = Release|Any CPU
		{958BBC9C-3DFD-4AF8-AFD1-ED222B40A304}.Release|Any CPU.Build.0 = Release|Any CPU
	EndGlobalSection
	GlobalSection(SolutionProperties) = preSolution
		HideSolutionNode = FALSE
	EndGlobalSection
	GlobalSection(NestedProjects) = preSolution
		{53F64DEF-086E-4509-B2CC-7C4CA41836A3} = {5DA6DEBD-BFD2-4E49-BAD5-B7FBA64D4E5F}
		{B5BAA232-7C48-4038-A63A-B75A857C53B5} = {53F64DEF-086E-4509-B2CC-7C4CA41836A3}
		{04DADE20-5F6E-4242-8E22-02CDBCD3ED78} = {53F64DEF-086E-4509-B2CC-7C4CA41836A3}
		{15F20602-B799-4AB3-BAEB-2B1FF8ED4EC8} = {5DA6DEBD-BFD2-4E49-BAD5-B7FBA64D4E5F}
		{41CA2CB7-F1AA-4924-BF09-C4DE79A39EC9} = {5DA6DEBD-BFD2-4E49-BAD5-B7FBA64D4E5F}
		{BA1ABDA3-6236-4E5F-B689-3C561B677221} = {5DA6DEBD-BFD2-4E49-BAD5-B7FBA64D4E5F}
		{36865A5E-81E8-4DAB-9F98-A2E8E8F9CA76} = {5DA6DEBD-BFD2-4E49-BAD5-B7FBA64D4E5F}
		{B50E2C36-16B4-40A0-A49B-DD0D03359D6E} = {36865A5E-81E8-4DAB-9F98-A2E8E8F9CA76}
		{E2ED0C03-16D8-46DD-90E4-461B3B36096A} = {BA1ABDA3-6236-4E5F-B689-3C561B677221}
		{034D16DB-B20D-40ED-960E-92D375F5EFD2} = {41CA2CB7-F1AA-4924-BF09-C4DE79A39EC9}
		{6EAF08D7-0980-47AD-81B8-2BE92039BE78} = {15F20602-B799-4AB3-BAEB-2B1FF8ED4EC8}
		{FE2BDBB9-8142-43B5-9CA1-C5C3087091EA} = {AD4B28E6-1083-4900-BC40-516C6CDADC2F}
		{DCA5964A-1CBF-46EB-969A-B6A4CD3A2A3F} = {53F64DEF-086E-4509-B2CC-7C4CA41836A3}
		{C46CF24D-3663-45B7-809B-C5086C04C387} = {DCA5964A-1CBF-46EB-969A-B6A4CD3A2A3F}
		{EC77AB86-83EA-4EAD-BC79-A4BA013A3BCB} = {DCA5964A-1CBF-46EB-969A-B6A4CD3A2A3F}
		{0711B44F-A7A3-4C88-B881-2A4EB91A4BD5} = {36865A5E-81E8-4DAB-9F98-A2E8E8F9CA76}
		{3C9BC0D2-CC9D-49F4-A97A-E03DCA316646} = {41CA2CB7-F1AA-4924-BF09-C4DE79A39EC9}
		{A3808A82-3CF6-4D42-BFD3-90C4018B4EE4} = {AD4B28E6-1083-4900-BC40-516C6CDADC2F}
		{3992AEFE-7DF0-41E7-A9F6-431B838C6875} = {15F20602-B799-4AB3-BAEB-2B1FF8ED4EC8}
		{3154296B-AA56-4D8A-A04B-4B83DA451503} = {41CA2CB7-F1AA-4924-BF09-C4DE79A39EC9}
		{958BBC9C-3DFD-4AF8-AFD1-ED222B40A304} = {AD4B28E6-1083-4900-BC40-516C6CDADC2F}
	EndGlobalSection
	GlobalSection(ExtensibilityGlobals) = postSolution
		SolutionGuid = {2E66940E-EE88-47BF-A341-FE68D979D8F9}
	EndGlobalSection
EndGlobal
